
Microsoft Visual Studio Solution File, Format Version 12.00
# Visual Studio Version 16
VisualStudioVersion = 16.0.31402.337
MinimumVisualStudioVersion = 10.0.40219.1
Project("{9A19103F-16F7-4668-BE54-9A1E7A4F7556}") = "WebApi", "WebApi\WebApi.csproj", "{1E853D55-930B-467F-9A99-C8E916B54BB6}"
EndProject
Global
	GlobalSection(SolutionConfigurationPlatforms) = preSolution
		Debug|Any CPU = Debug|Any CPU
		Release|Any CPU = Release|Any CPU
	EndGlobalSection
	GlobalSection(ProjectConfigurationPlatforms) = postSolution
		{1E853D55-930B-467F-9A99-C8E916B54BB6}.Debug|Any CPU.ActiveCfg = Debug|Any CPU
		{1E853D55-930B-467F-9A99-C8E916B54BB6}.Debug|Any CPU.Build.0 = Debug|Any CPU
		{1E853D55-930B-467F-9A99-C8E916B54BB6}.Release|Any CPU.ActiveCfg = Release|Any CPU
		{1E853D55-930B-467F-9A99-C8E916B54BB6}.Release|Any CPU.Build.0 = Release|Any CPU
	EndGlobalSection
	GlobalSection(SolutionProperties) = preSolution
		HideSolutionNode = FALSE
	EndGlobalSection
	GlobalSection(ExtensibilityGlobals) = postSolution
		SolutionGuid = {E2E8C8BE-B45E-47DC-AFA5-D3000CE0684A}
	EndGlobalSection
EndGlobal
